
Microsoft Visual Studio Solution File, Format Version 12.00
# Visual Studio Version 17
VisualStudioVersion = 17.8.34309.116
MinimumVisualStudioVersion = 10.0.40219.1
Project("{FAE04EC0-301F-11D3-BF4B-00C04F79EFBC}") = "BlazorTestMain.Server", "BlazorTestMain\Server\BlazorTestMain.Server.csproj", "{4505ACDD-5DAF-436F-B93E-4150F0853211}"
EndProject
Project("{FAE04EC0-301F-11D3-BF4B-00C04F79EFBC}") = "BlazorTestMain.Client", "BlazorTestMain\Client\BlazorTestMain.Client.csproj", "{FE3FAF17-1308-4C1C-B25A-4ED0B8BD0B37}"
EndProject
Project("{FAE04EC0-301F-11D3-BF4B-00C04F79EFBC}") = "BlazorTestMain.Shared", "BlazorTestMain\Shared\BlazorTestMain.Shared.csproj", "{39239946-CB37-4475-8F09-7F8D1CF517BA}"
EndProject
Global
	GlobalSection(SolutionConfigurationPlatforms) = preSolution
		Debug|Any CPU = Debug|Any CPU
		Release|Any CPU = Release|Any CPU
	EndGlobalSection
	GlobalSection(ProjectConfigurationPlatforms) = postSolution
		{4505ACDD-5DAF-436F-B93E-4150F0853211}.Debug|Any CPU.ActiveCfg = Debug|Any CPU
		{4505ACDD-5DAF-436F-B93E-4150F0853211}.Debug|Any CPU.Build.0 = Debug|Any CPU
		{4505ACDD-5DAF-436F-B93E-4150F0853211}.Release|Any CPU.ActiveCfg = Release|Any CPU
		{4505ACDD-5DAF-436F-B93E-4150F0853211}.Release|Any CPU.Build.0 = Release|Any CPU
		{FE3FAF17-1308-4C1C-B25A-4ED0B8BD0B37}.Debug|Any CPU.ActiveCfg = Debug|Any CPU
		{FE3FAF17-1308-4C1C-B25A-4ED0B8BD0B37}.Debug|Any CPU.Build.0 = Debug|Any CPU
		{FE3FAF17-1308-4C1C-B25A-4ED0B8BD0B37}.Release|Any CPU.ActiveCfg = Release|Any CPU
		{FE3FAF17-1308-4C1C-B25A-4ED0B8BD0B37}.Release|Any CPU.Build.0 = Release|Any CPU
		{39239946-CB37-4475-8F09-7F8D1CF517BA}.Debug|Any CPU.ActiveCfg = Debug|Any CPU
		{39239946-CB37-4475-8F09-7F8D1CF517BA}.Debug|Any CPU.Build.0 = Debug|Any CPU
		{39239946-CB37-4475-8F09-7F8D1CF517BA}.Release|Any CPU.ActiveCfg = Release|Any CPU
		{39239946-CB37-4475-8F09-7F8D1CF517BA}.Release|Any CPU.Build.0 = Release|Any CPU
	EndGlobalSection
	GlobalSection(SolutionProperties) = preSolution
		HideSolutionNode = FALSE
	EndGlobalSection
	GlobalSection(ExtensibilityGlobals) = postSolution
		SolutionGuid = {A6F9FE3D-1D41-43A1-B4CE-42307B616EE0}
	EndGlobalSection
EndGlobal
